
Microsoft Visual Studio Solution File, Format Version 12.00
# Visual Studio Version 17
VisualStudioVersion = 17.4.33110.190
MinimumVisualStudioVersion = 10.0.40219.1
Project("{FAE04EC0-301F-11D3-BF4B-00C04F79EFBC}") = "TestLogin_Pages", "TestLogin_Pages\TestLogin_Pages.csproj", "{B0817649-9A9B-40D6-A57C-E6F7EF0ED8D4}"
EndProject
Global
	GlobalSection(SolutionConfigurationPlatforms) = preSolution
		Debug|Any CPU = Debug|Any CPU
		Release|Any CPU = Release|Any CPU
	EndGlobalSection
	GlobalSection(ProjectConfigurationPlatforms) = postSolution
		{B0817649-9A9B-40D6-A57C-E6F7EF0ED8D4}.Debug|Any CPU.ActiveCfg = Debug|Any CPU
		{B0817649-9A9B-40D6-A57C-E6F7EF0ED8D4}.Debug|Any CPU.Build.0 = Debug|Any CPU
		{B0817649-9A9B-40D6-A57C-E6F7EF0ED8D4}.Release|Any CPU.ActiveCfg = Release|Any CPU
		{B0817649-9A9B-40D6-A57C-E6F7EF0ED8D4}.Release|Any CPU.Build.0 = Release|Any CPU
	EndGlobalSection
	GlobalSection(SolutionProperties) = preSolution
		HideSolutionNode = FALSE
	EndGlobalSection
	GlobalSection(ExtensibilityGlobals) = postSolution
		SolutionGuid = {C558354B-1413-41C7-AB46-51725A47E1A3}
	EndGlobalSection
EndGlobal
